
Microsoft Visual Studio Solution File, Format Version 12.00
# Visual Studio Version 16
VisualStudioVersion = 16.0.30225.117
MinimumVisualStudioVersion = 10.0.40219.1
Project("{9A19103F-16F7-4668-BE54-9A1E7A4F7556}") = "MBTI", "MBTI.csproj", "{85F6694F-53D1-49F2-BA38-B1DC5CAE46BC}"
EndProject
Project("{FAE04EC0-301F-11D3-BF4B-00C04F79EFBC}") = "MBTI.Logic", "..\MBTI.Logic\MBTI.Logic.csproj", "{8948032C-689A-498B-B3A5-38043699A7A7}"
EndProject
Project("{FAE04EC0-301F-11D3-BF4B-00C04F79EFBC}") = "MBTI.Models", "..\MBTI.Models\MBTI.Models.csproj", "{CBCB56F4-C2E2-4659-860D-91D537B889B8}"
EndProject
Global
	GlobalSection(SolutionConfigurationPlatforms) = preSolution
		Debug|Any CPU = Debug|Any CPU
		Release|Any CPU = Release|Any CPU
	EndGlobalSection
	GlobalSection(ProjectConfigurationPlatforms) = postSolution
		{85F6694F-53D1-49F2-BA38-B1DC5CAE46BC}.Debug|Any CPU.ActiveCfg = Debug|Any CPU
		{85F6694F-53D1-49F2-BA38-B1DC5CAE46BC}.Debug|Any CPU.Build.0 = Debug|Any CPU
		{85F6694F-53D1-49F2-BA38-B1DC5CAE46BC}.Release|Any CPU.ActiveCfg = Release|Any CPU
		{85F6694F-53D1-49F2-BA38-B1DC5CAE46BC}.Release|Any CPU.Build.0 = Release|Any CPU
		{8948032C-689A-498B-B3A5-38043699A7A7}.Debug|Any CPU.ActiveCfg = Debug|Any CPU
		{8948032C-689A-498B-B3A5-38043699A7A7}.Debug|Any CPU.Build.0 = Debug|Any CPU
		{8948032C-689A-498B-B3A5-38043699A7A7}.Release|Any CPU.ActiveCfg = Release|Any CPU
		{8948032C-689A-498B-B3A5-38043699A7A7}.Release|Any CPU.Build.0 = Release|Any CPU
		{CBCB56F4-C2E2-4659-860D-91D537B889B8}.Debug|Any CPU.ActiveCfg = Debug|Any CPU
		{CBCB56F4-C2E2-4659-860D-91D537B889B8}.Debug|Any CPU.Build.0 = Debug|Any CPU
		{CBCB56F4-C2E2-4659-860D-91D537B889B8}.Release|Any CPU.ActiveCfg = Release|Any CPU
		{CBCB56F4-C2E2-4659-860D-91D537B889B8}.Release|Any CPU.Build.0 = Release|Any CPU
	EndGlobalSection
	GlobalSection(SolutionProperties) = preSolution
		HideSolutionNode = FALSE
	EndGlobalSection
	GlobalSection(ExtensibilityGlobals) = postSolution
		SolutionGuid = {5BBCC7A3-C5A0-4E68-B3DE-43CF17060EA3}
	EndGlobalSection
EndGlobal
